
Microsoft Visual Studio Solution File, Format Version 12.00
# Visual Studio Version 16
VisualStudioVersion = 16.0.30128.74
MinimumVisualStudioVersion = 10.0.40219.1
Project("{FAE04EC0-301F-11D3-BF4B-00C04F79EFBC}") = "TripPlanner", "TripPlanner\TripPlanner.csproj", "{8C74992A-36DA-426E-A4DC-AF10B4DEA3BC}"
EndProject
Global
	GlobalSection(SolutionConfigurationPlatforms) = preSolution
		Debug|Any CPU = Debug|Any CPU
		Release|Any CPU = Release|Any CPU
	EndGlobalSection
	GlobalSection(ProjectConfigurationPlatforms) = postSolution
		{8C74992A-36DA-426E-A4DC-AF10B4DEA3BC}.Debug|Any CPU.ActiveCfg = Debug|Any CPU
		{8C74992A-36DA-426E-A4DC-AF10B4DEA3BC}.Debug|Any CPU.Build.0 = Debug|Any CPU
		{8C74992A-36DA-426E-A4DC-AF10B4DEA3BC}.Release|Any CPU.ActiveCfg = Release|Any CPU
		{8C74992A-36DA-426E-A4DC-AF10B4DEA3BC}.Release|Any CPU.Build.0 = Release|Any CPU
	EndGlobalSection
	GlobalSection(SolutionProperties) = preSolution
		HideSolutionNode = FALSE
	EndGlobalSection
	GlobalSection(ExtensibilityGlobals) = postSolution
		SolutionGuid = {7306A2EC-85D3-4D6E-B729-84342011B848}
	EndGlobalSection
EndGlobal
